// !$*UTF8*$!
{
	archiveVersion = 1;
	classes = {
	};
	objectVersion = 48;
	objects = {

/* Begin PBXBuildFile section */
		735AC18F2039059F002FF0D3 /* AppDelegate.swift in Sources */ = {isa = PBXBuildFile; fileRef = 735AC18E2039059F002FF0D3 /* AppDelegate.swift */; };
		735AC1912039059F002FF0D3 /* ViewController.swift in Sources */ = {isa = PBXBuildFile; fileRef = 735AC1902039059F002FF0D3 /* ViewController.swift */; };
		735AC1942039059F002FF0D3 /* Main.storyboard in Resources */ = {isa = PBXBuildFile; fileRef = 735AC1922039059F002FF0D3 /* Main.storyboard */; };
		735AC1962039059F002FF0D3 /* Assets.xcassets in Resources */ = {isa = PBXBuildFile; fileRef = 735AC1952039059F002FF0D3 /* Assets.xcassets */; };
		735AC1992039059F002FF0D3 /* LaunchScreen.storyboard in Resources */ = {isa = PBXBuildFile; fileRef = 735AC1972039059F002FF0D3 /* LaunchScreen.storyboard */; };
		735AC1A120391BE1002FF0D3 /* GoogleService-Info.plist in Resources */ = {isa = PBXBuildFile; fileRef = 735AC1A020391BE1002FF0D3 /* GoogleService-Info.plist */; };
		F712193DF945A239948386EF /* Pods_FireChat.framework in Frameworks */ = {isa = PBXBuildFile; fileRef = 2D2097058220AB22B5140FC2 /* Pods_FireChat.framework */; };
/* End PBXBuildFile section */

/* Begin PBXFileReference section */
		237FD3DFCE7D782E68761B93 /* Pods-FireChat.debug.xcconfig */ = {isa = PBXFileReference; includeInIndex = 1; lastKnownFileType = text.xcconfig; name = "Pods-FireChat.debug.xcconfig"; path = "Pods/Target Support Files/Pods-FireChat/Pods-FireChat.debug.xcconfig"; sourceTree = "<group>"; };
		2D2097058220AB22B5140FC2 /* Pods_FireChat.framework */ = {isa = PBXFileReference; explicitFileType = wrapper.framework; includeInIndex = 0; path = Pods_FireChat.framework; sourceTree = BUILT_PRODUCTS_DIR; };
		659938A78491169FD415FBE1 /* Pods-FireChat.release.xcconfig */ = {isa = PBXFileReference; includeInIndex = 1; lastKnownFileType = text.xcconfig; name = "Pods-FireChat.release.xcconfig"; path = "Pods/Target Support Files/Pods-FireChat/Pods-FireChat.release.xcconfig"; sourceTree = "<group>"; };
		735AC18B2039059F002FF0D3 /* FireChat.app */ = {isa = PBXFileReference; explicitFileType = wrapper.application; includeInIndex = 0; path = FireChat.app; sourceTree = BUILT_PRODUCTS_DIR; };
		735AC18E2039059F002FF0D3 /* AppDelegate.swift */ = {isa = PBXFileReference; lastKnownFileType = sourcecode.swift; path = AppDelegate.swift; sourceTree = "<group>"; };
		735AC1902039059F002FF0D3 /* ViewController.swift */ = {isa = PBXFileReference; lastKnownFileType = sourcecode.swift; path = ViewController.swift; sourceTree = "<group>"; };
		735AC1932039059F002FF0D3 /* Base */ = {isa = PBXFileReference; lastKnownFileType = file.storyboard; name = Base; path = Base.lproj/Main.storyboard; sourceTree = "<group>"; };
		735AC1952039059F002FF0D3 /* Assets.xcassets */ = {isa = PBXFileReference; lastKnownFileType = folder.assetcatalog; path = Assets.xcassets; sourceTree = "<group>"; };
		735AC1982039059F002FF0D3 /* Base */ = {isa = PBXFileReference; lastKnownFileType = file.storyboard; name = Base; path = Base.lproj/LaunchScreen.storyboard; sourceTree = "<group>"; };
		735AC19A2039059F002FF0D3 /* Info.plist */ = {isa = PBXFileReference; lastKnownFileType = text.plist.xml; path = Info.plist; sourceTree = "<group>"; };
		735AC1A020391BE1002FF0D3 /* GoogleService-Info.plist */ = {isa = PBXFileReference; fileEncoding = 4; lastKnownFileType = text.plist.xml; path = "GoogleService-Info.plist"; sourceTree = "<group>"; };
/* End PBXFileReference section */

/* Begin PBXFrameworksBuildPhase section */
		735AC1882039059F002FF0D3 /* Frameworks */ = {
			isa = PBXFrameworksBuildPhase;
			buildActionMask = 2147483647;
			files = (
				F712193DF945A239948386EF /* Pods_FireChat.framework in Frameworks */,
			);
			runOnlyForDeploymentPostprocessing = 0;
		};
/* End PBXFrameworksBuildPhase section */

/* Begin PBXGroup section */
		55B4A400569A336BB2BA5FED /* Frameworks */ = {
			isa = PBXGroup;
			children = (
				2D2097058220AB22B5140FC2 /* Pods_FireChat.framework */,
			);
			name = Frameworks;
			sourceTree = "<group>";
		};
		735AC1822039059F002FF0D3 = {
			isa = PBXGroup;
			children = (
				735AC18D2039059F002FF0D3 /* FireChat */,
				735AC18C2039059F002FF0D3 /* Products */,
				EED479332E1AF1158AD3D7C3 /* Pods */,
				55B4A400569A336BB2BA5FED /* Frameworks */,
			);
			sourceTree = "<group>";
		};
		735AC18C2039059F002FF0D3 /* Products */ = {
			isa = PBXGroup;
			children = (
				735AC18B2039059F002FF0D3 /* FireChat.app */,
			);
			name = Products;
			sourceTree = "<group>";
		};
		735AC18D2039059F002FF0D3 /* FireChat */ = {
			isa = PBXGroup;
			children = (
				735AC1A020391BE1002FF0D3 /* GoogleService-Info.plist */,
				735AC18E2039059F002FF0D3 /* AppDelegate.swift */,
				735AC1902039059F002FF0D3 /* ViewController.swift */,
				735AC1922039059F002FF0D3 /* Main.storyboard */,
				735AC1952039059F002FF0D3 /* Assets.xcassets */,
				735AC1972039059F002FF0D3 /* LaunchScreen.storyboard */,
				735AC19A2039059F002FF0D3 /* Info.plist */,
			);
			path = FireChat;
			sourceTree = "<group>";
		};
		EED479332E1AF1158AD3D7C3 /* Pods */ = {
			isa = PBXGroup;
			children = (
				237FD3DFCE7D782E68761B93 /* Pods-FireChat.debug.xcconfig */,
				659938A78491169FD415FBE1 /* Pods-FireChat.release.xcconfig */,
			);
			name = Pods;
			sourceTree = "<group>";
		};
/* End PBXGroup section */

/* Begin PBXNativeTarget section */
		735AC18A2039059F002FF0D3 /* FireChat */ = {
			isa = PBXNativeTarget;
			buildConfigurationList = 735AC19D2039059F002FF0D3 /* Build configuration list for PBXNativeTarget "FireChat" */;
			buildPhases = (
				800FFA584D1A3CB1FF3A4BD5 /* [CP] Check Pods Manifest.lock */,
				735AC1872039059F002FF0D3 /* Sources */,
				735AC1882039059F002FF0D3 /* Frameworks */,
				735AC1892039059F002FF0D3 /* Resources */,
				293A36374E2C0335622CDC37 /* [CP] Embed Pods Frameworks */,
				91480C5D6B646020A14180C2 /* [CP] Copy Pods Resources */,
			);
			buildRules = (
			);
			dependencies = (
			);
			name = FireChat;
			productName = FireChat;
			productReference = 735AC18B2039059F002FF0D3 /* FireChat.app */;
			productType = "com.apple.product-type.application";
		};
/* End PBXNativeTarget section */

/* Begin PBXProject section */
		735AC1832039059F002FF0D3 /* Project object */ = {
			isa = PBXProject;
			attributes = {
				LastSwiftUpdateCheck = 0920;
				LastUpgradeCheck = 0920;
				ORGANIZATIONNAME = "Akshay Ayyanchira";
				TargetAttributes = {
					735AC18A2039059F002FF0D3 = {
						CreatedOnToolsVersion = 9.2;
						ProvisioningStyle = Automatic;
					};
				};
			};
			buildConfigurationList = 735AC1862039059F002FF0D3 /* Build configuration list for PBXProject "FireChat" */;
			compatibilityVersion = "Xcode 8.0";
			developmentRegion = en;
			hasScannedForEncodings = 0;
			knownRegions = (
				en,
				Base,
			);
			mainGroup = 735AC1822039059F002FF0D3;
			productRefGroup = 735AC18C2039059F002FF0D3 /* Products */;
			projectDirPath = "";
			projectRoot = "";
			targets = (
				735AC18A2039059F002FF0D3 /* FireChat */,
			);
		};
/* End PBXProject section */

/* Begin PBXResourcesBuildPhase section */
		735AC1892039059F002FF0D3 /* Resources */ = {
			isa = PBXResourcesBuildPhase;
			buildActionMask = 2147483647;
			files = (
				735AC1992039059F002FF0D3 /* LaunchScreen.storyboard in Resources */,
				735AC1A120391BE1002FF0D3 /* GoogleService-Info.plist in Resources */,
				735AC1962039059F002FF0D3 /* Assets.xcassets in Resources */,
				735AC1942039059F002FF0D3 /* Main.storyboard in Resources */,
			);
			runOnlyForDeploymentPostprocessing = 0;
		};
/* End PBXResourcesBuildPhase section */

/* Begin PBXShellScriptBuildPhase section */
		293A36374E2C0335622CDC37 /* [CP] Embed Pods Frameworks */ = {
			isa = PBXShellScriptBuildPhase;
			buildActionMask = 2147483647;
			files = (
			);
			inputPaths = (
				"${SRCROOT}/Pods/Target Support Files/Pods-FireChat/Pods-FireChat-frameworks.sh",
				"${BUILT_PRODUCTS_DIR}/GoogleToolboxForMac/GoogleToolboxForMac.framework",
				"${BUILT_PRODUCTS_DIR}/nanopb/nanopb.framework",
			);
			name = "[CP] Embed Pods Frameworks";
			outputPaths = (
				"${TARGET_BUILD_DIR}/${FRAMEWORKS_FOLDER_PATH}/GoogleToolboxForMac.framework",
				"${TARGET_BUILD_DIR}/${FRAMEWORKS_FOLDER_PATH}/nanopb.framework",
			);
			runOnlyForDeploymentPostprocessing = 0;
			shellPath = /bin/sh;
			shellScript = "\"${SRCROOT}/Pods/Target Support Files/Pods-FireChat/Pods-FireChat-frameworks.sh\"\n";
			showEnvVarsInLog = 0;
		};
		800FFA584D1A3CB1FF3A4BD5 /* [CP] Check Pods Manifest.lock */ = {
			isa = PBXShellScriptBuildPhase;
			buildActionMask = 2147483647;
			files = (
			);
			inputPaths = (
				"${PODS_PODFILE_DIR_PATH}/Podfile.lock",
				"${PODS_ROOT}/Manifest.lock",
			);
			name = "[CP] Check Pods Manifest.lock";
			outputPaths = (
				"$(DERIVED_FILE_DIR)/Pods-FireChat-checkManifestLockResult.txt",
			);
			runOnlyForDeploymentPostprocessing = 0;
			shellPath = /bin/sh;
			shellScript = "diff \"${PODS_PODFILE_DIR_PATH}/Podfile.lock\" \"${PODS_ROOT}/Manifest.lock\" > /dev/null\nif [ $? != 0 ] ; then\n    # print error to STDERR\n    echo \"error: The sandbox is not in sync with the Podfile.lock. Run 'pod install' or update your CocoaPods installation.\" >&2\n    exit 1\nfi\n# This output is used by Xcode 'outputs' to avoid re-running this script phase.\necho \"SUCCESS\" > \"${SCRIPT_OUTPUT_FILE_0}\"\n";
			showEnvVarsInLog = 0;
		};
		91480C5D6B646020A14180C2 /* [CP] Copy Pods Resources */ = {
			isa = PBXShellScriptBuildPhase;
			buildActionMask = 2147483647;
			files = (
			);
			inputPaths = (
			);
			name = "[CP] Copy Pods Resources";
			outputPaths = (
			);
			runOnlyForDeploymentPostprocessing = 0;
			shellPath = /bin/sh;
			shellScript = "\"${SRCROOT}/Pods/Target Support Files/Pods-FireChat/Pods-FireChat-resources.sh\"\n";
			showEnvVarsInLog = 0;
		};
/* End PBXShellScriptBuildPhase section */

/* Begin PBXSourcesBuildPhase section */
		735AC1872039059F002FF0D3 /* Sources */ = {
			isa = PBXSourcesBuildPhase;
			buildActionMask = 2147483647;
			files = (
				735AC1912039059F002FF0D3 /* ViewController.swift in Sources */,
				735AC18F2039059F002FF0D3 /* AppDelegate.swift in Sources */,
			);
			runOnlyForDeploymentPostprocessing = 0;
		};
/* End PBXSourcesBuildPhase section */

/* Begin PBXVariantGroup section */
		735AC1922039059F002FF0D3 /* Main.storyboard */ = {
			isa = PBXVariantGroup;
			children = (
				735AC1932039059F002FF0D3 /* Base */,
			);
			name = Main.storyboard;
			sourceTree = "<group>";
		};
		735AC1972039059F002FF0D3 /* LaunchScreen.storyboard */ = {
			isa = PBXVariantGroup;
			children = (
				735AC1982039059F002FF0D3 /* Base */,
			);
			name = LaunchScreen.storyboard;
			sourceTree = "<group>";
		};
/* End PBXVariantGroup section */

/* Begin XCBuildConfiguration section */
		735AC19B2039059F002FF0D3 /* Debug */ = {
			isa = XCBuildConfiguration;
			buildSettings = {
				ALWAYS_SEARCH_USER_PATHS = NO;
				CLANG_ANALYZER_NONNULL = YES;
				CLANG_ANALYZER_NUMBER_OBJECT_CONVERSION = YES_AGGRESSIVE;
				CLANG_CXX_LANGUAGE_STANDARD = "gnu++14";
				CLANG_CXX_LIBRARY = "libc++";
				CLANG_ENABLE_MODULES = YES;
				CLANG_ENABLE_OBJC_ARC = YES;
				CLANG_WARN_BLOCK_CAPTURE_AUTORELEASING = YES;
				CLANG_WARN_BOOL_CONVERSION = YES;
				CLANG_WARN_COMMA = YES;
				CLANG_WARN_CONSTANT_CONVERSION = YES;
				CLANG_WARN_DIRECT_OBJC_ISA_USAGE = YES_ERROR;
				CLANG_WARN_DOCUMENTATION_COMMENTS = YES;
				CLANG_WARN_EMPTY_BODY = YES;
				CLANG_WARN_ENUM_CONVERSION = YES;
				CLANG_WARN_INFINITE_RECURSION = YES;
				CLANG_WARN_INT_CONVERSION = YES;
				CLANG_WARN_NON_LITERAL_NULL_CONVERSION = YES;
				CLANG_WARN_OBJC_LITERAL_CONVERSION = YES;
				CLANG_WARN_OBJC_ROOT_CLASS = YES_ERROR;
				CLANG_WARN_RANGE_LOOP_ANALYSIS = YES;
				CLANG_WARN_STRICT_PROTOTYPES = YES;
				CLANG_WARN_SUSPICIOUS_MOVE = YES;
				CLANG_WARN_UNGUARDED_AVAILABILITY = YES_AGGRESSIVE;
				CLANG_WARN_UNREACHABLE_CODE = YES;
				CLANG_WARN__DUPLICATE_METHOD_MATCH = YES;
				CODE_SIGN_IDENTITY = "iPhone Developer";
				COPY_PHASE_STRIP = NO;
				DEBUG_INFORMATION_FORMAT = dwarf;
				ENABLE_STRICT_OBJC_MSGSEND = YES;
				ENABLE_TESTABILITY = YES;
				GCC_C_LANGUAGE_STANDARD = gnu11;
				GCC_DYNAMIC_NO_PIC = NO;
				GCC_NO_COMMON_BLOCKS = YES;
				GCC_OPTIMIZATION_LEVEL = 0;
				GCC_PREPROCESSOR_DEFINITIONS = (
					"DEBUG=1",
					"$(inherited)",
				);
				GCC_WARN_64_TO_32_BIT_CONVERSION = YES;
				GCC_WARN_ABOUT_RETURN_TYPE = YES_ERROR;
				GCC_WARN_UNDECLARED_SELECTOR = YES;
				GCC_WARN_UNINITIALIZED_AUTOS = YES_AGGRESSIVE;
				GCC_WARN_UNUSED_FUNCTION = YES;
				GCC_WARN_UNUSED_VARIABLE = YES;
				IPHONEOS_DEPLOYMENT_TARGET = 11.2;
				MTL_ENABLE_DEBUG_INFO = YES;
				ONLY_ACTIVE_ARCH = YES;
				SDKROOT = iphoneos;
				SWIFT_ACTIVE_COMPILATION_CONDITIONS = DEBUG;
				SWIFT_OPTIMIZATION_LEVEL = "-Onone";
			};
			name = Debug;
		};
		735AC19C2039059F002FF0D3 /* Release */ = {
			isa = XCBuildConfiguration;
			buildSettings = {
				ALWAYS_SEARCH_USER_PATHS = NO;
				CLANG_ANALYZER_NONNULL = YES;
				CLANG_ANALYZER_NUMBER_OBJECT_CONVERSION = YES_AGGRESSIVE;
				CLANG_CXX_LANGUAGE_STANDARD = "gnu++14";
				CLANG_CXX_LIBRARY = "libc++";
				CLANG_ENABLE_MODULES = YES;
				CLANG_ENABLE_OBJC_ARC = YES;
				CLANG_WARN_BLOCK_CAPTURE_AUTORELEASING = YES;
				CLANG_WARN_BOOL_CONVERSION = YES;
				CLANG_WARN_COMMA = YES;
				CLANG_WARN_CONSTANT_CONVERSION = YES;
				CLANG_WARN_DIRECT_OBJC_ISA_USAGE = YES_ERROR;
				CLANG_WARN_DOCUMENTATION_COMMENTS = YES;
				CLANG_WARN_EMPTY_BODY = YES;
				CLANG_WARN_ENUM_CONVERSION = YES;
				CLANG_WARN_INFINITE_RECURSION = YES;
				CLANG_WARN_INT_CONVERSION = YES;
				CLANG_WARN_NON_LITERAL_NULL_CONVERSION = YES;
				CLANG_WARN_OBJC_LITERAL_CONVERSION = YES;
				CLANG_WARN_OBJC_ROOT_CLASS = YES_ERROR;
				CLANG_WARN_RANGE_LOOP_ANALYSIS = YES;
				CLANG_WARN_STRICT_PROTOTYPES = YES;
				CLANG_WARN_SUSPICIOUS_MOVE = YES;
				CLANG_WARN_UNGUARDED_AVAILABILITY = YES_AGGRESSIVE;
				CLANG_WARN_UNREACHABLE_CODE = YES;
				CLANG_WARN__DUPLICATE_METHOD_MATCH = YES;
				CODE_SIGN_IDENTITY = "iPhone Developer";
				COPY_PHASE_STRIP = NO;
				DEBUG_INFORMATION_FORMAT = "dwarf-with-dsym";
				ENABLE_NS_ASSERTIONS = NO;
				ENABLE_STRICT_OBJC_MSGSEND = YES;
				GCC_C_LANGUAGE_STANDARD = gnu11;
				GCC_NO_COMMON_BLOCKS = YES;
				GCC_WARN_64_TO_32_BIT_CONVERSION = YES;
				GCC_WARN_ABOUT_RETURN_TYPE = YES_ERROR;
				GCC_WARN_UNDECLARED_SELECTOR = YES;
				GCC_WARN_UNINITIALIZED_AUTOS = YES_AGGRESSIVE;
				GCC_WARN_UNUSED_FUNCTION = YES;
				GCC_WARN_UNUSED_VARIABLE = YES;
				IPHONEOS_DEPLOYMENT_TARGET = 11.2;
				MTL_ENABLE_DEBUG_INFO = NO;
				SDKROOT = iphoneos;
				SWIFT_OPTIMIZATION_LEVEL = "-Owholemodule";
				VALIDATE_PRODUCT = YES;
			};
			name = Release;
		};
		735AC19E2039059F002FF0D3 /* Debug */ = {
			isa = XCBuildConfiguration;
			baseConfigurationReference = 237FD3DFCE7D782E68761B93 /* Pods-FireChat.debug.xcconfig */;
			buildSettings = {
				ASSETCATALOG_COMPILER_APPICON_NAME = AppIcon;
				CODE_SIGN_STYLE = Automatic;
				DEVELOPMENT_TEAM = XU4EKNT3UT;
				INFOPLIST_FILE = FireChat/Info.plist;
				LD_RUNPATH_SEARCH_PATHS = "$(inherited) @executable_path/Frameworks";
				PRODUCT_BUNDLE_IDENTIFIER = com.ideas2app.FireChat;
				PRODUCT_NAME = "$(TARGET_NAME)";
				SWIFT_VERSION = 4.0;
				TARGETED_DEVICE_FAMILY = "1,2";
			};
			name = Debug;
		};
		735AC19F2039059F002FF0D3 /* Release */ = {
			isa = XCBuildConfiguration;
			baseConfigurationReference = 659938A78491169FD415FBE1 /* Pods-FireChat.release.xcconfig */;
			buildSettings = {
				ASSETCATALOG_COMPILER_APPICON_NAME = AppIcon;
				CODE_SIGN_STYLE = Automatic;
				DEVELOPMENT_TEAM = XU4EKNT3UT;
				INFOPLIST_FILE = FireChat/Info.plist;
				LD_RUNPATH_SEARCH_PATHS = "$(inherited) @executable_path/Frameworks";
				PRODUCT_BUNDLE_IDENTIFIER = com.ideas2app.FireChat;
				PRODUCT_NAME = "$(TARGET_NAME)";
				SWIFT_VERSION = 4.0;
				TARGETED_DEVICE_FAMILY = "1,2";
			};
			name = Release;
		};
/* End XCBuildConfiguration section */

/* Begin XCConfigurationList section */
		735AC1862039059F002FF0D3 /* Build configuration list for PBXProject "FireChat" */ = {
			isa = XCConfigurationList;
			buildConfigurations = (
				735AC19B2039059F002FF0D3 /* Debug */,
				735AC19C2039059F002FF0D3 /* Release */,
			);
			defaultConfigurationIsVisible = 0;
			defaultConfigurationName = Release;
		};
		735AC19D2039059F002FF0D3 /* Build configuration list for PBXNativeTarget "FireChat" */ = {
			isa = XCConfigurationList;
			buildConfigurations = (
				735AC19E2039059F002FF0D3 /* Debug */,
				735AC19F2039059F002FF0D3 /* Release */,
			);
			defaultConfigurationIsVisible = 0;
			defaultConfigurationName = Release;
		};
/* End XCConfigurationList section */
	};
	rootObject = 735AC1832039059F002FF0D3 /* Project object */;
}
